// !$*UTF8*$!
{
	archiveVersion = 1;
	classes = {
	};
	objectVersion = 56;
	objects = {

/* Begin PBXBuildFile section */
		3D639B352BDDE0D70067DA3B /* SwiftDataExtension.swift in Sources */ = {isa = PBXBuildFile; fileRef = 3D639B342BDDE0D70067DA3B /* SwiftDataExtension.swift */; };
		3D639B372BDDE3100067DA3B /* PredicateExtensions.swift in Sources */ = {isa = PBXBuildFile; fileRef = 3D639B362BDDE3100067DA3B /* PredicateExtensions.swift */; };
		3DC3E7C22BDDDF1D00C178B2 /* ViewExtensions.swift in Sources */ = {isa = PBXBuildFile; fileRef = 3DC3E7C12BDDDF1D00C178B2 /* ViewExtensions.swift */; };
		3DE10E272BDDDCFB0062E7E4 /* ExampleSwiftDataApp.swift in Sources */ = {isa = PBXBuildFile; fileRef = 3DE10E262BDDDCFB0062E7E4 /* ExampleSwiftDataApp.swift */; };
		3DE10E292BDDDCFB0062E7E4 /* ContentView.swift in Sources */ = {isa = PBXBuildFile; fileRef = 3DE10E282BDDDCFB0062E7E4 /* ContentView.swift */; };
		3DE10E2B2BDDDCFC0062E7E4 /* Assets.xcassets in Resources */ = {isa = PBXBuildFile; fileRef = 3DE10E2A2BDDDCFC0062E7E4 /* Assets.xcassets */; };
		3DE10E2E2BDDDCFC0062E7E4 /* Preview Assets.xcassets in Resources */ = {isa = PBXBuildFile; fileRef = 3DE10E2D2BDDDCFC0062E7E4 /* Preview Assets.xcassets */; };
/* End PBXBuildFile section */

/* Begin PBXFileReference section */
		3D639B342BDDE0D70067DA3B /* SwiftDataExtension.swift */ = {isa = PBXFileReference; lastKnownFileType = sourcecode.swift; path = SwiftDataExtension.swift; sourceTree = "<group>"; };
		3D639B362BDDE3100067DA3B /* PredicateExtensions.swift */ = {isa = PBXFileReference; lastKnownFileType = sourcecode.swift; path = PredicateExtensions.swift; sourceTree = "<group>"; };
		3DC3E7C12BDDDF1D00C178B2 /* ViewExtensions.swift */ = {isa = PBXFileReference; lastKnownFileType = sourcecode.swift; path = ViewExtensions.swift; sourceTree = "<group>"; };
		3DE10E232BDDDCFB0062E7E4 /* ExampleSwiftData.app */ = {isa = PBXFileReference; explicitFileType = wrapper.application; includeInIndex = 0; path = ExampleSwiftData.app; sourceTree = BUILT_PRODUCTS_DIR; };
		3DE10E262BDDDCFB0062E7E4 /* ExampleSwiftDataApp.swift */ = {isa = PBXFileReference; lastKnownFileType = sourcecode.swift; path = ExampleSwiftDataApp.swift; sourceTree = "<group>"; };
		3DE10E282BDDDCFB0062E7E4 /* ContentView.swift */ = {isa = PBXFileReference; lastKnownFileType = sourcecode.swift; path = ContentView.swift; sourceTree = "<group>"; };
		3DE10E2A2BDDDCFC0062E7E4 /* Assets.xcassets */ = {isa = PBXFileReference; lastKnownFileType = folder.assetcatalog; path = Assets.xcassets; sourceTree = "<group>"; };
		3DE10E2D2BDDDCFC0062E7E4 /* Preview Assets.xcassets */ = {isa = PBXFileReference; lastKnownFileType = folder.assetcatalog; path = "Preview Assets.xcassets"; sourceTree = "<group>"; };
/* End PBXFileReference section */

/* Begin PBXFrameworksBuildPhase section */
		3DE10E202BDDDCFB0062E7E4 /* Frameworks */ = {
			isa = PBXFrameworksBuildPhase;
			buildActionMask = 2147483647;
			files = (
			);
			runOnlyForDeploymentPostprocessing = 0;
		};
/* End PBXFrameworksBuildPhase section */

/* Begin PBXGroup section */
		3D639B332BDDE0C30067DA3B /* SwiftDataExtensions */ = {
			isa = PBXGroup;
			children = (
				3D639B362BDDE3100067DA3B /* PredicateExtensions.swift */,
				3D639B342BDDE0D70067DA3B /* SwiftDataExtension.swift */,
			);
			path = SwiftDataExtensions;
			sourceTree = "<group>";
		};
		3DC3E7C02BDDDEDD00C178B2 /* ViewExtensions */ = {
			isa = PBXGroup;
			children = (
				3DC3E7C12BDDDF1D00C178B2 /* ViewExtensions.swift */,
			);
			path = ViewExtensions;
			sourceTree = "<group>";
		};
		3DE10E1A2BDDDCFB0062E7E4 = {
			isa = PBXGroup;
			children = (
				3DE10E252BDDDCFB0062E7E4 /* ExampleSwiftData */,
				3DE10E242BDDDCFB0062E7E4 /* Products */,
			);
			sourceTree = "<group>";
		};
		3DE10E242BDDDCFB0062E7E4 /* Products */ = {
			isa = PBXGroup;
			children = (
				3DE10E232BDDDCFB0062E7E4 /* ExampleSwiftData.app */,
			);
			name = Products;
			sourceTree = "<group>";
		};
		3DE10E252BDDDCFB0062E7E4 /* ExampleSwiftData */ = {
			isa = PBXGroup;
			children = (
				3DE10E342BDDDD090062E7E4 /* MainResource */,
				3DE10E352BDDDD150062E7E4 /* Source */,
			);
			path = ExampleSwiftData;
			sourceTree = "<group>";
		};
		3DE10E2C2BDDDCFC0062E7E4 /* Preview Content */ = {
			isa = PBXGroup;
			children = (
				3DE10E2D2BDDDCFC0062E7E4 /* Preview Assets.xcassets */,
			);
			path = "Preview Content";
			sourceTree = "<group>";
		};
		3DE10E342BDDDD090062E7E4 /* MainResource */ = {
			isa = PBXGroup;
			children = (
				3DE10E262BDDDCFB0062E7E4 /* ExampleSwiftDataApp.swift */,
				3DE10E2A2BDDDCFC0062E7E4 /* Assets.xcassets */,
				3DE10E2C2BDDDCFC0062E7E4 /* Preview Content */,
			);
			path = MainResource;
			sourceTree = "<group>";
		};
		3DE10E352BDDDD150062E7E4 /* Source */ = {
			isa = PBXGroup;
			children = (
				3D639B332BDDE0C30067DA3B /* SwiftDataExtensions */,
				3DC3E7C02BDDDEDD00C178B2 /* ViewExtensions */,
				3DE10E282BDDDCFB0062E7E4 /* ContentView.swift */,
			);
			path = Source;
			sourceTree = "<group>";
		};
/* End PBXGroup section */

/* Begin PBXNativeTarget section */
		3DE10E222BDDDCFB0062E7E4 /* ExampleSwiftData */ = {
			isa = PBXNativeTarget;
			buildConfigurationList = 3DE10E312BDDDCFC0062E7E4 /* Build configuration list for PBXNativeTarget "ExampleSwiftData" */;
			buildPhases = (
				3DE10E1F2BDDDCFB0062E7E4 /* Sources */,
				3DE10E202BDDDCFB0062E7E4 /* Frameworks */,
				3DE10E212BDDDCFB0062E7E4 /* Resources */,
			);
			buildRules = (
			);
			dependencies = (
			);
			name = ExampleSwiftData;
			productName = ExampleSwiftData;
			productReference = 3DE10E232BDDDCFB0062E7E4 /* ExampleSwiftData.app */;
			productType = "com.apple.product-type.application";
		};
/* End PBXNativeTarget section */

/* Begin PBXProject section */
		3DE10E1B2BDDDCFB0062E7E4 /* Project object */ = {
			isa = PBXProject;
			attributes = {
				BuildIndependentTargetsInParallel = 1;
				LastSwiftUpdateCheck = 1520;
				LastUpgradeCheck = 1520;
				TargetAttributes = {
					3DE10E222BDDDCFB0062E7E4 = {
						CreatedOnToolsVersion = 15.2;
					};
				};
			};
			buildConfigurationList = 3DE10E1E2BDDDCFB0062E7E4 /* Build configuration list for PBXProject "ExampleSwiftData" */;
			compatibilityVersion = "Xcode 14.0";
			developmentRegion = en;
			hasScannedForEncodings = 0;
			knownRegions = (
				en,
				Base,
			);
			mainGroup = 3DE10E1A2BDDDCFB0062E7E4;
			productRefGroup = 3DE10E242BDDDCFB0062E7E4 /* Products */;
			projectDirPath = "";
			projectRoot = "";
			targets = (
				3DE10E222BDDDCFB0062E7E4 /* ExampleSwiftData */,
			);
		};
/* End PBXProject section */

/* Begin PBXResourcesBuildPhase section */
		3DE10E212BDDDCFB0062E7E4 /* Resources */ = {
			isa = PBXResourcesBuildPhase;
			buildActionMask = 2147483647;
			files = (
				3DE10E2E2BDDDCFC0062E7E4 /* Preview Assets.xcassets in Resources */,
				3DE10E2B2BDDDCFC0062E7E4 /* Assets.xcassets in Resources */,
			);
			runOnlyForDeploymentPostprocessing = 0;
		};
/* End PBXResourcesBuildPhase section */

/* Begin PBXSourcesBuildPhase section */
		3DE10E1F2BDDDCFB0062E7E4 /* Sources */ = {
			isa = PBXSourcesBuildPhase;
			buildActionMask = 2147483647;
			files = (
				3DE10E292BDDDCFB0062E7E4 /* ContentView.swift in Sources */,
				3DC3E7C22BDDDF1D00C178B2 /* ViewExtensions.swift in Sources */,
				3D639B372BDDE3100067DA3B /* PredicateExtensions.swift in Sources */,
				3DE10E272BDDDCFB0062E7E4 /* ExampleSwiftDataApp.swift in Sources */,
				3D639B352BDDE0D70067DA3B /* SwiftDataExtension.swift in Sources */,
			);
			runOnlyForDeploymentPostprocessing = 0;
		};
/* End PBXSourcesBuildPhase section */

/* Begin XCBuildConfiguration section */
		3DE10E2F2BDDDCFC0062E7E4 /* Debug */ = {
			isa = XCBuildConfiguration;
			buildSettings = {
				ALWAYS_SEARCH_USER_PATHS = NO;
				ASSETCATALOG_COMPILER_GENERATE_SWIFT_ASSET_SYMBOL_EXTENSIONS = YES;
				CLANG_ANALYZER_NONNULL = YES;
				CLANG_ANALYZER_NUMBER_OBJECT_CONVERSION = YES_AGGRESSIVE;
				CLANG_CXX_LANGUAGE_STANDARD = "gnu++20";
				CLANG_ENABLE_MODULES = YES;
				CLANG_ENABLE_OBJC_ARC = YES;
				CLANG_ENABLE_OBJC_WEAK = YES;
				CLANG_WARN_BLOCK_CAPTURE_AUTORELEASING = YES;
				CLANG_WARN_BOOL_CONVERSION = YES;
				CLANG_WARN_COMMA = YES;
				CLANG_WARN_CONSTANT_CONVERSION = YES;
				CLANG_WARN_DEPRECATED_OBJC_IMPLEMENTATIONS = YES;
				CLANG_WARN_DIRECT_OBJC_ISA_USAGE = YES_ERROR;
				CLANG_WARN_DOCUMENTATION_COMMENTS = YES;
				CLANG_WARN_EMPTY_BODY = YES;
				CLANG_WARN_ENUM_CONVERSION = YES;
				CLANG_WARN_INFINITE_RECURSION = YES;
				CLANG_WARN_INT_CONVERSION = YES;
				CLANG_WARN_NON_LITERAL_NULL_CONVERSION = YES;
				CLANG_WARN_OBJC_IMPLICIT_RETAIN_SELF = YES;
				CLANG_WARN_OBJC_LITERAL_CONVERSION = YES;
				CLANG_WARN_OBJC_ROOT_CLASS = YES_ERROR;
				CLANG_WARN_QUOTED_INCLUDE_IN_FRAMEWORK_HEADER = YES;
				CLANG_WARN_RANGE_LOOP_ANALYSIS = YES;
				CLANG_WARN_STRICT_PROTOTYPES = YES;
				CLANG_WARN_SUSPICIOUS_MOVE = YES;
				CLANG_WARN_UNGUARDED_AVAILABILITY = YES_AGGRESSIVE;
				CLANG_WARN_UNREACHABLE_CODE = YES;
				CLANG_WARN__DUPLICATE_METHOD_MATCH = YES;
				COPY_PHASE_STRIP = NO;
				DEBUG_INFORMATION_FORMAT = dwarf;
				ENABLE_STRICT_OBJC_MSGSEND = YES;
				ENABLE_TESTABILITY = YES;
				ENABLE_USER_SCRIPT_SANDBOXING = YES;
				GCC_C_LANGUAGE_STANDARD = gnu17;
				GCC_DYNAMIC_NO_PIC = NO;
				GCC_NO_COMMON_BLOCKS = YES;
				GCC_OPTIMIZATION_LEVEL = 0;
				GCC_PREPROCESSOR_DEFINITIONS = (
					"DEBUG=1",
					"$(inherited)",
				);
				GCC_WARN_64_TO_32_BIT_CONVERSION = YES;
				GCC_WARN_ABOUT_RETURN_TYPE = YES_ERROR;
				GCC_WARN_UNDECLARED_SELECTOR = YES;
				GCC_WARN_UNINITIALIZED_AUTOS = YES_AGGRESSIVE;
				GCC_WARN_UNUSED_FUNCTION = YES;
				GCC_WARN_UNUSED_VARIABLE = YES;
				IPHONEOS_DEPLOYMENT_TARGET = 17.0;
				LOCALIZATION_PREFERS_STRING_CATALOGS = YES;
				MTL_ENABLE_DEBUG_INFO = INCLUDE_SOURCE;
				MTL_FAST_MATH = YES;
				ONLY_ACTIVE_ARCH = YES;
				SDKROOT = iphoneos;
				SWIFT_ACTIVE_COMPILATION_CONDITIONS = "DEBUG $(inherited)";
				SWIFT_OPTIMIZATION_LEVEL = "-Onone";
			};
			name = Debug;
		};
		3DE10E302BDDDCFC0062E7E4 /* Release */ = {
			isa = XCBuildConfiguration;
			buildSettings = {
				ALWAYS_SEARCH_USER_PATHS = NO;
				ASSETCATALOG_COMPILER_GENERATE_SWIFT_ASSET_SYMBOL_EXTENSIONS = YES;
				CLANG_ANALYZER_NONNULL = YES;
				CLANG_ANALYZER_NUMBER_OBJECT_CONVERSION = YES_AGGRESSIVE;
				CLANG_CXX_LANGUAGE_STANDARD = "gnu++20";
				CLANG_ENABLE_MODULES = YES;
				CLANG_ENABLE_OBJC_ARC = YES;
				CLANG_ENABLE_OBJC_WEAK = YES;
				CLANG_WARN_BLOCK_CAPTURE_AUTORELEASING = YES;
				CLANG_WARN_BOOL_CONVERSION = YES;
				CLANG_WARN_COMMA = YES;
				CLANG_WARN_CONSTANT_CONVERSION = YES;
				CLANG_WARN_DEPRECATED_OBJC_IMPLEMENTATIONS = YES;
				CLANG_WARN_DIRECT_OBJC_ISA_USAGE = YES_ERROR;
				CLANG_WARN_DOCUMENTATION_COMMENTS = YES;
				CLANG_WARN_EMPTY_BODY = YES;
				CLANG_WARN_ENUM_CONVERSION = YES;
				CLANG_WARN_INFINITE_RECURSION = YES;
				CLANG_WARN_INT_CONVERSION = YES;
				CLANG_WARN_NON_LITERAL_NULL_CONVERSION = YES;
				CLANG_WARN_OBJC_IMPLICIT_RETAIN_SELF = YES;
				CLANG_WARN_OBJC_LITERAL_CONVERSION = YES;
				CLANG_WARN_OBJC_ROOT_CLASS = YES_ERROR;
				CLANG_WARN_QUOTED_INCLUDE_IN_FRAMEWORK_HEADER = YES;
				CLANG_WARN_RANGE_LOOP_ANALYSIS = YES;
				CLANG_WARN_STRICT_PROTOTYPES = YES;
				CLANG_WARN_SUSPICIOUS_MOVE = YES;
				CLANG_WARN_UNGUARDED_AVAILABILITY = YES_AGGRESSIVE;
				CLANG_WARN_UNREACHABLE_CODE = YES;
				CLANG_WARN__DUPLICATE_METHOD_MATCH = YES;
				COPY_PHASE_STRIP = NO;
				DEBUG_INFORMATION_FORMAT = "dwarf-with-dsym";
				ENABLE_NS_ASSERTIONS = NO;
				ENABLE_STRICT_OBJC_MSGSEND = YES;
				ENABLE_USER_SCRIPT_SANDBOXING = YES;
				GCC_C_LANGUAGE_STANDARD = gnu17;
				GCC_NO_COMMON_BLOCKS = YES;
				GCC_WARN_64_TO_32_BIT_CONVERSION = YES;
				GCC_WARN_ABOUT_RETURN_TYPE = YES_ERROR;
				GCC_WARN_UNDECLARED_SELECTOR = YES;
				GCC_WARN_UNINITIALIZED_AUTOS = YES_AGGRESSIVE;
				GCC_WARN_UNUSED_FUNCTION = YES;
				GCC_WARN_UNUSED_VARIABLE = YES;
				IPHONEOS_DEPLOYMENT_TARGET = 17.0;
				LOCALIZATION_PREFERS_STRING_CATALOGS = YES;
				MTL_ENABLE_DEBUG_INFO = NO;
				MTL_FAST_MATH = YES;
				SDKROOT = iphoneos;
				SWIFT_COMPILATION_MODE = wholemodule;
				VALIDATE_PRODUCT = YES;
			};
			name = Release;
		};
		3DE10E322BDDDCFC0062E7E4 /* Debug */ = {
			isa = XCBuildConfiguration;
			buildSettings = {
				ASSETCATALOG_COMPILER_APPICON_NAME = AppIcon;
				ASSETCATALOG_COMPILER_GLOBAL_ACCENT_COLOR_NAME = AccentColor;
				CODE_SIGN_STYLE = Automatic;
				CURRENT_PROJECT_VERSION = 1;
				DEVELOPMENT_ASSET_PATHS = "\"ExampleSwiftData/MainResource/Preview Content\"";
				ENABLE_PREVIEWS = YES;
				GENERATE_INFOPLIST_FILE = YES;
				INFOPLIST_KEY_UIApplicationSceneManifest_Generation = YES;
				INFOPLIST_KEY_UIApplicationSupportsIndirectInputEvents = YES;
				INFOPLIST_KEY_UILaunchScreen_Generation = YES;
				INFOPLIST_KEY_UISupportedInterfaceOrientations_iPad = "UIInterfaceOrientationPortrait UIInterfaceOrientationPortraitUpsideDown UIInterfaceOrientationLandscapeLeft UIInterfaceOrientationLandscapeRight";
				INFOPLIST_KEY_UISupportedInterfaceOrientations_iPhone = "UIInterfaceOrientationPortrait UIInterfaceOrientationLandscapeLeft UIInterfaceOrientationLandscapeRight";
				IPHONEOS_DEPLOYMENT_TARGET = 17.0;
				LD_RUNPATH_SEARCH_PATHS = (
					"$(inherited)",
					"@executable_path/Frameworks",
				);
				MARKETING_VERSION = 1.0;
				PRODUCT_BUNDLE_IDENTIFIER = com.maheshwaran.ExampleSwiftData;
				PRODUCT_NAME = "$(TARGET_NAME)";
				SWIFT_EMIT_LOC_STRINGS = YES;
				SWIFT_VERSION = 5.0;
				TARGETED_DEVICE_FAMILY = "1,2";
			};
			name = Debug;
		};
		3DE10E332BDDDCFC0062E7E4 /* Release */ = {
			isa = XCBuildConfiguration;
			buildSettings = {
				ASSETCATALOG_COMPILER_APPICON_NAME = AppIcon;
				ASSETCATALOG_COMPILER_GLOBAL_ACCENT_COLOR_NAME = AccentColor;
				CODE_SIGN_STYLE = Automatic;
				CURRENT_PROJECT_VERSION = 1;
				DEVELOPMENT_ASSET_PATHS = "\"ExampleSwiftData/MainResource/Preview Content\"";
				ENABLE_PREVIEWS = YES;
				GENERATE_INFOPLIST_FILE = YES;
				INFOPLIST_KEY_UIApplicationSceneManifest_Generation = YES;
				INFOPLIST_KEY_UIApplicationSupportsIndirectInputEvents = YES;
				INFOPLIST_KEY_UILaunchScreen_Generation = YES;
				INFOPLIST_KEY_UISupportedInterfaceOrientations_iPad = "UIInterfaceOrientationPortrait UIInterfaceOrientationPortraitUpsideDown UIInterfaceOrientationLandscapeLeft UIInterfaceOrientationLandscapeRight";
				INFOPLIST_KEY_UISupportedInterfaceOrientations_iPhone = "UIInterfaceOrientationPortrait UIInterfaceOrientationLandscapeLeft UIInterfaceOrientationLandscapeRight";
				IPHONEOS_DEPLOYMENT_TARGET = 17.0;
				LD_RUNPATH_SEARCH_PATHS = (
					"$(inherited)",
					"@executable_path/Frameworks",
				);
				MARKETING_VERSION = 1.0;
				PRODUCT_BUNDLE_IDENTIFIER = com.maheshwaran.ExampleSwiftData;
				PRODUCT_NAME = "$(TARGET_NAME)";
				SWIFT_EMIT_LOC_STRINGS = YES;
				SWIFT_VERSION = 5.0;
				TARGETED_DEVICE_FAMILY = "1,2";
			};
			name = Release;
		};
/* End XCBuildConfiguration section */

/* Begin XCConfigurationList section */
		3DE10E1E2BDDDCFB0062E7E4 /* Build configuration list for PBXProject "ExampleSwiftData" */ = {
			isa = XCConfigurationList;
			buildConfigurations = (
				3DE10E2F2BDDDCFC0062E7E4 /* Debug */,
				3DE10E302BDDDCFC0062E7E4 /* Release */,
			);
			defaultConfigurationIsVisible = 0;
			defaultConfigurationName = Release;
		};
		3DE10E312BDDDCFC0062E7E4 /* Build configuration list for PBXNativeTarget "ExampleSwiftData" */ = {
			isa = XCConfigurationList;
			buildConfigurations = (
				3DE10E322BDDDCFC0062E7E4 /* Debug */,
				3DE10E332BDDDCFC0062E7E4 /* Release */,
			);
			defaultConfigurationIsVisible = 0;
			defaultConfigurationName = Release;
		};
/* End XCConfigurationList section */
	};
	rootObject = 3DE10E1B2BDDDCFB0062E7E4 /* Project object */;
}
